<?xml version="1.0" encoding="utf-8"?>
<Project ToolsVersion="4.0" xmlns="http://schemas.microsoft.com/developer/msbuild/2003">
  <ItemGroup>
    <Filter Include="소스 파일">
      <UniqueIdentifier>{4FC737F1-C7A5-4376-A066-2A32D752A2FF}</UniqueIdentifier>
      <Extensions>cpp;c;cc;cxx;def;odl;idl;hpj;bat;asm;asmx</Extensions>
    </Filter>
    <Filter Include="헤더 파일">
      <UniqueIdentifier>{93995380-89BD-4b04-88EB-625FBE52EBFB}</UniqueIdentifier>
      <Extensions>h;hh;hpp;hxx;hm;inl;inc;ipp;xsd</Extensions>
    </Filter>
    <Filter Include="리소스 파일">
      <UniqueIdentifier>{67DA6AB6-F800-4c08-8B7A-83BB121AAD01}</UniqueIdentifier>
      <Extensions>rc;ico;cur;bmp;dlg;rc2;rct;bin;rgs;gif;jpg;jpeg;jpe;resx;tiff;tif;png;wav;mfcribbon-ms</Extensions>
    </Filter>
  </ItemGroup>
  <ItemGroup>
    <ClCompile Include="소스.cpp">
      <Filter>소스 파일</Filter>
    </ClCompile>
    <ClCompile Include="1012 -ing.cpp">
      <Filter>소스 파일</Filter>
    </ClCompile>
    <ClCompile Include="1018.cpp">
      <Filter>소스 파일</Filter>
    </ClCompile>
    <ClCompile Include="1026.cpp">
      <Filter>소스 파일</Filter>
    </ClCompile>
    <ClCompile Include="1037.cpp">
      <Filter>소스 파일</Filter>
    </ClCompile>
    <ClCompile Include="1076.cpp">
      <Filter>소스 파일</Filter>
    </ClCompile>
    <ClCompile Include="1157.cpp">
      <Filter>소스 파일</Filter>
    </ClCompile>
    <ClCompile Include="1158.cpp">
      <Filter>소스 파일</Filter>
    </ClCompile>
    <ClCompile Include="1181.cpp">
      <Filter>소스 파일</Filter>
    </ClCompile>
    <ClCompile Include="1182.cpp">
      <Filter>소스 파일</Filter>
    </ClCompile>
    <ClCompile Include="1316.cpp">
      <Filter>소스 파일</Filter>
    </ClCompile>
    <ClCompile Include="1406.cpp">
      <Filter>소스 파일</Filter>
    </ClCompile>
    <ClCompile Include="1476.cpp">
      <Filter>소스 파일</Filter>
    </ClCompile>
    <ClCompile Include="1759.cpp">
      <Filter>소스 파일</Filter>
    </ClCompile>
    <ClCompile Include="1874.cpp">
      <Filter>소스 파일</Filter>
    </ClCompile>
    <ClCompile Include="1920.cpp">
      <Filter>소스 파일</Filter>
    </ClCompile>
    <ClCompile Include="1929.cpp">
      <Filter>소스 파일</Filter>
    </ClCompile>
    <ClCompile Include="1978.cpp">
      <Filter>소스 파일</Filter>
    </ClCompile>
    <ClCompile Include="2174.cpp">
      <Filter>소스 파일</Filter>
    </ClCompile>
    <ClCompile Include="2206 failed.cpp">
      <Filter>소스 파일</Filter>
    </ClCompile>
    <ClCompile Include="2210.cpp">
      <Filter>소스 파일</Filter>
    </ClCompile>
    <ClCompile Include="2231.cpp">
      <Filter>소스 파일</Filter>
    </ClCompile>
    <ClCompile Include="2309.cpp">
      <Filter>소스 파일</Filter>
    </ClCompile>
    <ClCompile Include="2609.cpp">
      <Filter>소스 파일</Filter>
    </ClCompile>
    <ClCompile Include="2644.cpp">
      <Filter>소스 파일</Filter>
    </ClCompile>
    <ClCompile Include="2675.cpp">
      <Filter>소스 파일</Filter>
    </ClCompile>
    <ClCompile Include="2745.cpp">
      <Filter>소스 파일</Filter>
    </ClCompile>
    <ClCompile Include="2750.cpp">
      <Filter>소스 파일</Filter>
    </ClCompile>
    <ClCompile Include="2908.cpp">
      <Filter>소스 파일</Filter>
    </ClCompile>
    <ClCompile Include="2933.cpp">
      <Filter>소스 파일</Filter>
    </ClCompile>
    <ClCompile Include="2933-ing.cpp">
      <Filter>소스 파일</Filter>
    </ClCompile>
    <ClCompile Include="2941.cpp">
      <Filter>소스 파일</Filter>
    </ClCompile>
    <ClCompile Include="3184.cpp">
      <Filter>소스 파일</Filter>
    </ClCompile>
    <ClCompile Include="3460.cpp">
      <Filter>소스 파일</Filter>
    </ClCompile>
    <ClCompile Include="5014.cpp">
      <Filter>소스 파일</Filter>
    </ClCompile>
    <ClCompile Include="5430.cpp">
      <Filter>소스 파일</Filter>
    </ClCompile>
    <ClCompile Include="5622.cpp">
      <Filter>소스 파일</Filter>
    </ClCompile>
    <ClCompile Include="6378.cpp">
      <Filter>소스 파일</Filter>
    </ClCompile>
    <ClCompile Include="6603.cpp">
      <Filter>소스 파일</Filter>
    </ClCompile>
    <ClCompile Include="6679.cpp">
      <Filter>소스 파일</Filter>
    </ClCompile>
    <ClCompile Include="7287.cpp">
      <Filter>소스 파일</Filter>
    </ClCompile>
    <ClCompile Include="9095.cpp">
      <Filter>소스 파일</Filter>
    </ClCompile>
    <ClCompile Include="9663 -ing.cpp">
      <Filter>소스 파일</Filter>
    </ClCompile>
    <ClCompile Include="9663.cpp">
      <Filter>소스 파일</Filter>
    </ClCompile>
    <ClCompile Include="10026.cpp">
      <Filter>소스 파일</Filter>
    </ClCompile>
    <ClCompile Include="10809.cpp">
      <Filter>소스 파일</Filter>
    </ClCompile>
    <ClCompile Include="10815.cpp">
      <Filter>소스 파일</Filter>
    </ClCompile>
    <ClCompile Include="10816.cpp">
      <Filter>소스 파일</Filter>
    </ClCompile>
    <ClCompile Include="10828.cpp">
      <Filter>소스 파일</Filter>
    </ClCompile>
    <ClCompile Include="10845.cpp">
      <Filter>소스 파일</Filter>
    </ClCompile>
    <ClCompile Include="10866.cpp">
      <Filter>소스 파일</Filter>
    </ClCompile>
    <ClCompile Include="10867.cpp">
      <Filter>소스 파일</Filter>
    </ClCompile>
    <ClCompile Include="11005.cpp">
      <Filter>소스 파일</Filter>
    </ClCompile>
    <ClCompile Include="11559.cpp">
      <Filter>소스 파일</Filter>
    </ClCompile>
    <ClCompile Include="11576.cpp">
      <Filter>소스 파일</Filter>
    </ClCompile>
    <ClCompile Include="11650.cpp">
      <Filter>소스 파일</Filter>
    </ClCompile>
    <ClCompile Include="11651.cpp">
      <Filter>소스 파일</Filter>
    </ClCompile>
    <ClCompile Include="11654.cpp">
      <Filter>소스 파일</Filter>
    </ClCompile>
    <ClCompile Include="13458.cpp">
      <Filter>소스 파일</Filter>
    </ClCompile>
    <ClCompile Include="14501.cpp">
      <Filter>소스 파일</Filter>
    </ClCompile>
    <ClCompile Include="14502.cpp">
      <Filter>소스 파일</Filter>
    </ClCompile>
    <ClCompile Include="14503.cpp">
      <Filter>소스 파일</Filter>
    </ClCompile>
    <ClCompile Include="14620.cpp">
      <Filter>소스 파일</Filter>
    </ClCompile>
    <ClCompile Include="14888.cpp">
      <Filter>소스 파일</Filter>
    </ClCompile>
    <ClCompile Include="14889.cpp">
      <Filter>소스 파일</Filter>
    </ClCompile>
    <ClCompile Include="15649 -ing.cpp">
      <Filter>소스 파일</Filter>
    </ClCompile>
    <ClCompile Include="15649.cpp">
      <Filter>소스 파일</Filter>
    </ClCompile>
    <ClCompile Include="15650.cpp">
      <Filter>소스 파일</Filter>
    </ClCompile>
    <ClCompile Include="15683.cpp">
      <Filter>소스 파일</Filter>
    </ClCompile>
    <ClCompile Include="15684(time over).cpp">
      <Filter>소스 파일</Filter>
    </ClCompile>
    <ClCompile Include="15686.cpp">
      <Filter>소스 파일</Filter>
    </ClCompile>
    <ClCompile Include="16198.cpp">
      <Filter>소스 파일</Filter>
    </ClCompile>
    <ClCompile Include="16637.cpp">
      <Filter>소스 파일</Filter>
    </ClCompile>
    <ClCompile Include="16985-ing.cpp">
      <Filter>소스 파일</Filter>
    </ClCompile>
    <ClCompile Include="c스터디.cpp">
      <Filter>소스 파일</Filter>
    </ClCompile>
    <ClCompile Include="kakao17677.cpp">
      <Filter>소스 파일</Filter>
    </ClCompile>
    <ClCompile Include="make_log.cpp">
      <Filter>소스 파일</Filter>
    </ClCompile>
    <ClCompile Include="SDS test A-1.cpp">
      <Filter>소스 파일</Filter>
    </ClCompile>
    <ClCompile Include="SDS test B-1.cpp">
      <Filter>소스 파일</Filter>
    </ClCompile>
    <ClCompile Include="SDS test B-4.cpp">
      <Filter>소스 파일</Filter>
    </ClCompile>
    <ClCompile Include="SW 1767.cpp">
      <Filter>소스 파일</Filter>
    </ClCompile>
    <ClCompile Include="SW A형.cpp">
      <Filter>소스 파일</Filter>
    </ClCompile>
    <ClCompile Include="SW5658.cpp">
      <Filter>소스 파일</Filter>
    </ClCompile>
    <ClCompile Include="test.cpp">
      <Filter>소스 파일</Filter>
    </ClCompile>
    <ClCompile Include="별찍기.cpp">
      <Filter>소스 파일</Filter>
    </ClCompile>
  </ItemGroup>
</Project>